
Microsoft Visual Studio Solution File, Format Version 12.00
# Visual Studio Version 17
VisualStudioVersion = 17.4.32916.344
MinimumVisualStudioVersion = 10.0.40219.1
Project("{FAE04EC0-301F-11D3-BF4B-00C04F79EFBC}") = "FormatAllFilesPlus", "FormatAllFilesPlus\FormatAllFilesPlus.csproj", "{65369419-51D2-4D2A-8276-EC7CCEBEAF02}"
EndProject
Project("{FAE04EC0-301F-11D3-BF4B-00C04F79EFBC}") = "FormatAllFilesPlus.Tests", "FormatAllFilesPlus.Tests\FormatAllFilesPlus.Tests.csproj", "{563ED4EA-665C-4903-A607-9EAC1F7C48B7}"
EndProject
Global
	GlobalSection(SolutionConfigurationPlatforms) = preSolution
		Debug|Any CPU = Debug|Any CPU
		Debug|arm64 = Debug|arm64
		Debug|x86 = Debug|x86
		Release|Any CPU = Release|Any CPU
		Release|arm64 = Release|arm64
		Release|x86 = Release|x86
	EndGlobalSection
	GlobalSection(ProjectConfigurationPlatforms) = postSolution
		{65369419-51D2-4D2A-8276-EC7CCEBEAF02}.Debug|Any CPU.ActiveCfg = Debug|Any CPU
		{65369419-51D2-4D2A-8276-EC7CCEBEAF02}.Debug|Any CPU.Build.0 = Debug|Any CPU
		{65369419-51D2-4D2A-8276-EC7CCEBEAF02}.Debug|arm64.ActiveCfg = Debug|arm64
		{65369419-51D2-4D2A-8276-EC7CCEBEAF02}.Debug|arm64.Build.0 = Debug|arm64
		{65369419-51D2-4D2A-8276-EC7CCEBEAF02}.Debug|x86.ActiveCfg = Debug|x86
		{65369419-51D2-4D2A-8276-EC7CCEBEAF02}.Debug|x86.Build.0 = Debug|x86
		{65369419-51D2-4D2A-8276-EC7CCEBEAF02}.Release|Any CPU.ActiveCfg = Release|Any CPU
		{65369419-51D2-4D2A-8276-EC7CCEBEAF02}.Release|Any CPU.Build.0 = Release|Any CPU
		{65369419-51D2-4D2A-8276-EC7CCEBEAF02}.Release|arm64.ActiveCfg = Release|arm64
		{65369419-51D2-4D2A-8276-EC7CCEBEAF02}.Release|arm64.Build.0 = Release|arm64
		{65369419-51D2-4D2A-8276-EC7CCEBEAF02}.Release|x86.ActiveCfg = Release|x86
		{65369419-51D2-4D2A-8276-EC7CCEBEAF02}.Release|x86.Build.0 = Release|x86
		{563ED4EA-665C-4903-A607-9EAC1F7C48B7}.Debug|Any CPU.ActiveCfg = Debug|Any CPU
		{563ED4EA-665C-4903-A607-9EAC1F7C48B7}.Debug|Any CPU.Build.0 = Debug|Any CPU
		{563ED4EA-665C-4903-A607-9EAC1F7C48B7}.Debug|arm64.ActiveCfg = Debug|Any CPU
		{563ED4EA-665C-4903-A607-9EAC1F7C48B7}.Debug|arm64.Build.0 = Debug|Any CPU
		{563ED4EA-665C-4903-A607-9EAC1F7C48B7}.Debug|x86.ActiveCfg = Debug|Any CPU
		{563ED4EA-665C-4903-A607-9EAC1F7C48B7}.Debug|x86.Build.0 = Debug|Any CPU
		{563ED4EA-665C-4903-A607-9EAC1F7C48B7}.Release|Any CPU.ActiveCfg = Release|Any CPU
		{563ED4EA-665C-4903-A607-9EAC1F7C48B7}.Release|Any CPU.Build.0 = Release|Any CPU
		{563ED4EA-665C-4903-A607-9EAC1F7C48B7}.Release|arm64.ActiveCfg = Release|Any CPU
		{563ED4EA-665C-4903-A607-9EAC1F7C48B7}.Release|arm64.Build.0 = Release|Any CPU
		{563ED4EA-665C-4903-A607-9EAC1F7C48B7}.Release|x86.ActiveCfg = Release|Any CPU
		{563ED4EA-665C-4903-A607-9EAC1F7C48B7}.Release|x86.Build.0 = Release|Any CPU
	EndGlobalSection
	GlobalSection(SolutionProperties) = preSolution
		HideSolutionNode = FALSE
	EndGlobalSection
	GlobalSection(ExtensibilityGlobals) = postSolution
		SolutionGuid = {F2A1F4B0-BE67-44A4-BD5F-B3D4D292ED13}
	EndGlobalSection
EndGlobal
